github.com/frolovo22/tag v0.0.2 h1:gFv5P5nqE7purEipbKT7X/OjP286nx5gA30mjt/4SgA=
github.com/frolovo22/tag v0.0.2/go.mod h1:Bt1H06v6RQFTrplGixhtUXVzHA/RpmhGEVxC7wqWGIw=
github.com/pkg/errors v0.9.1 h1:FEBLx1zS214owpjy7qsBeixbURkuhQAwrK5UwLGTwt4=
github.com/pkg/errors v0.9.1/go.mod h1:bwawxfHBFNV+L2hUp1rHADufV3IMtnDRdf1r5NINEl0=
